
Microsoft Visual Studio Solution File, Format Version 12.00
# Visual Studio 15
VisualStudioVersion = 15.0.28306.52
MinimumVisualStudioVersion = 10.0.40219.1
Project("{FAE04EC0-301F-11D3-BF4B-00C04F79EFBC}") = "Kata91_medical", "Kata91_medical\Kata91_medical.csproj", "{A4340B4D-8DC2-419F-8C81-F89B38EAC399}"
EndProject
Global
	GlobalSection(SolutionConfigurationPlatforms) = preSolution
		Debug|Any CPU = Debug|Any CPU
		Release|Any CPU = Release|Any CPU
	EndGlobalSection
	GlobalSection(ProjectConfigurationPlatforms) = postSolution
		{A4340B4D-8DC2-419F-8C81-F89B38EAC399}.Debug|Any CPU.ActiveCfg = Debug|Any CPU
		{A4340B4D-8DC2-419F-8C81-F89B38EAC399}.Debug|Any CPU.Build.0 = Debug|Any CPU
		{A4340B4D-8DC2-419F-8C81-F89B38EAC399}.Release|Any CPU.ActiveCfg = Release|Any CPU
		{A4340B4D-8DC2-419F-8C81-F89B38EAC399}.Release|Any CPU.Build.0 = Release|Any CPU
	EndGlobalSection
	GlobalSection(SolutionProperties) = preSolution
		HideSolutionNode = FALSE
	EndGlobalSection
	GlobalSection(ExtensibilityGlobals) = postSolution
		SolutionGuid = {78BA1F2D-4D9E-4C3B-A37B-FF04A741FB2A}
	EndGlobalSection
EndGlobal
